
Microsoft Visual Studio Solution File, Format Version 12.00
# Visual Studio Version 17
VisualStudioVersion = 17.4.33213.308
MinimumVisualStudioVersion = 10.0.40219.1
Project("{8BC9CEB8-8B4A-11D0-8D11-00A0C91BC942}") = "WindowCreation", "WindowCreation\WindowCreation.vcxproj", "{0C1C4094-3EB1-4AEA-B4DF-8C2CC2990334}"
EndProject
Project("{8BC9CEB8-8B4A-11D0-8D11-00A0C91BC942}") = "Math", "Math\Math.vcxproj", "{E819D583-6D5E-4091-B719-CB557324CC13}"
EndProject
Project("{8BC9CEB8-8B4A-11D0-8D11-00A0C91BC942}") = "dxerr", "dxerr\dxerr.vcxproj", "{F1C146DD-125D-4D9A-840C-1BD478497821}"
EndProject
Project("{8BC9CEB8-8B4A-11D0-8D11-00A0C91BC942}") = "imGui", "imGui\imGui.vcxproj", "{E69CE630-EAA6-4F19-9F2E-212CFAB9B9EE}"
EndProject
Project("{2150E333-8FDC-42A3-9474-1A3956D46DE8}") = "Apps", "Apps", "{126DADA5-B017-4BA2-B741-9AE3681A611B}"
EndProject
Project("{8BC9CEB8-8B4A-11D0-8D11-00A0C91BC942}") = "EarthDemo", "Apps\EarthDemo\EarthDemo.vcxproj", "{7EB94D47-B96E-44C7-9DD6-AC78AD8E30D5}"
EndProject
Project("{8BC9CEB8-8B4A-11D0-8D11-00A0C91BC942}") = "Template", "Apps\Template\Template.vcxproj", "{36AFC177-6E7A-462F-8AEA-6D774E175E65}"
EndProject
Project("{8BC9CEB8-8B4A-11D0-8D11-00A0C91BC942}") = "Tester", "Apps\Tester\Tester.vcxproj", "{25A2899D-E824-41FB-9673-F52D7C4945A1}"
EndProject
Project("{8BC9CEB8-8B4A-11D0-8D11-00A0C91BC942}") = "Navigation", "Apps\Navigation\Navigation.vcxproj", "{D6051E20-7E25-4D39-95FD-EC0B55A737D8}"
EndProject
Project("{8BC9CEB8-8B4A-11D0-8D11-00A0C91BC942}") = "Image", "Image\Image.vcxproj", "{E60BC50D-F12D-4007-A37E-5B3D059B7C32}"
EndProject
Project("{8BC9CEB8-8B4A-11D0-8D11-00A0C91BC942}") = "ImageEditor", "Apps\ImageEditor\ImageEditor.vcxproj", "{8B33200C-B4BF-4345-944A-13B17F38FD2A}"
EndProject
Global
	GlobalSection(SolutionConfigurationPlatforms) = preSolution
		Debug|x64 = Debug|x64
		Debug|x86 = Debug|x86
		Release|x64 = Release|x64
		Release|x86 = Release|x86
	EndGlobalSection
	GlobalSection(ProjectConfigurationPlatforms) = postSolution
		{0C1C4094-3EB1-4AEA-B4DF-8C2CC2990334}.Debug|x64.ActiveCfg = Debug|x64
		{0C1C4094-3EB1-4AEA-B4DF-8C2CC2990334}.Debug|x64.Build.0 = Debug|x64
		{0C1C4094-3EB1-4AEA-B4DF-8C2CC2990334}.Debug|x86.ActiveCfg = Debug|Win32
		{0C1C4094-3EB1-4AEA-B4DF-8C2CC2990334}.Debug|x86.Build.0 = Debug|Win32
		{0C1C4094-3EB1-4AEA-B4DF-8C2CC2990334}.Release|x64.ActiveCfg = Release|x64
		{0C1C4094-3EB1-4AEA-B4DF-8C2CC2990334}.Release|x64.Build.0 = Release|x64
		{0C1C4094-3EB1-4AEA-B4DF-8C2CC2990334}.Release|x86.ActiveCfg = Release|Win32
		{0C1C4094-3EB1-4AEA-B4DF-8C2CC2990334}.Release|x86.Build.0 = Release|Win32
		{E819D583-6D5E-4091-B719-CB557324CC13}.Debug|x64.ActiveCfg = Debug|x64
		{E819D583-6D5E-4091-B719-CB557324CC13}.Debug|x64.Build.0 = Debug|x64
		{E819D583-6D5E-4091-B719-CB557324CC13}.Debug|x86.ActiveCfg = Debug|Win32
		{E819D583-6D5E-4091-B719-CB557324CC13}.Debug|x86.Build.0 = Debug|Win32
		{E819D583-6D5E-4091-B719-CB557324CC13}.Release|x64.ActiveCfg = Release|x64
		{E819D583-6D5E-4091-B719-CB557324CC13}.Release|x64.Build.0 = Release|x64
		{E819D583-6D5E-4091-B719-CB557324CC13}.Release|x86.ActiveCfg = Release|Win32
		{E819D583-6D5E-4091-B719-CB557324CC13}.Release|x86.Build.0 = Release|Win32
		{F1C146DD-125D-4D9A-840C-1BD478497821}.Debug|x64.ActiveCfg = Debug|x64
		{F1C146DD-125D-4D9A-840C-1BD478497821}.Debug|x64.Build.0 = Debug|x64
		{F1C146DD-125D-4D9A-840C-1BD478497821}.Debug|x86.ActiveCfg = Debug|Win32
		{F1C146DD-125D-4D9A-840C-1BD478497821}.Debug|x86.Build.0 = Debug|Win32
		{F1C146DD-125D-4D9A-840C-1BD478497821}.Release|x64.ActiveCfg = Release|x64
		{F1C146DD-125D-4D9A-840C-1BD478497821}.Release|x64.Build.0 = Release|x64
		{F1C146DD-125D-4D9A-840C-1BD478497821}.Release|x86.ActiveCfg = Release|Win32
		{F1C146DD-125D-4D9A-840C-1BD478497821}.Release|x86.Build.0 = Release|Win32
		{E69CE630-EAA6-4F19-9F2E-212CFAB9B9EE}.Debug|x64.ActiveCfg = Debug|x64
		{E69CE630-EAA6-4F19-9F2E-212CFAB9B9EE}.Debug|x64.Build.0 = Debug|x64
		{E69CE630-EAA6-4F19-9F2E-212CFAB9B9EE}.Debug|x86.ActiveCfg = Debug|Win32
		{E69CE630-EAA6-4F19-9F2E-212CFAB9B9EE}.Debug|x86.Build.0 = Debug|Win32
		{E69CE630-EAA6-4F19-9F2E-212CFAB9B9EE}.Release|x64.ActiveCfg = Release|x64
		{E69CE630-EAA6-4F19-9F2E-212CFAB9B9EE}.Release|x64.Build.0 = Release|x64
		{E69CE630-EAA6-4F19-9F2E-212CFAB9B9EE}.Release|x86.ActiveCfg = Release|Win32
		{E69CE630-EAA6-4F19-9F2E-212CFAB9B9EE}.Release|x86.Build.0 = Release|Win32
		{7EB94D47-B96E-44C7-9DD6-AC78AD8E30D5}.Debug|x64.ActiveCfg = Debug|x64
		{7EB94D47-B96E-44C7-9DD6-AC78AD8E30D5}.Debug|x64.Build.0 = Debug|x64
		{7EB94D47-B96E-44C7-9DD6-AC78AD8E30D5}.Debug|x86.ActiveCfg = Debug|Win32
		{7EB94D47-B96E-44C7-9DD6-AC78AD8E30D5}.Debug|x86.Build.0 = Debug|Win32
		{7EB94D47-B96E-44C7-9DD6-AC78AD8E30D5}.Release|x64.ActiveCfg = Release|x64
		{7EB94D47-B96E-44C7-9DD6-AC78AD8E30D5}.Release|x64.Build.0 = Release|x64
		{7EB94D47-B96E-44C7-9DD6-AC78AD8E30D5}.Release|x86.ActiveCfg = Release|Win32
		{7EB94D47-B96E-44C7-9DD6-AC78AD8E30D5}.Release|x86.Build.0 = Release|Win32
		{36AFC177-6E7A-462F-8AEA-6D774E175E65}.Debug|x64.ActiveCfg = Debug|x64
		{36AFC177-6E7A-462F-8AEA-6D774E175E65}.Debug|x64.Build.0 = Debug|x64
		{36AFC177-6E7A-462F-8AEA-6D774E175E65}.Debug|x86.ActiveCfg = Debug|Win32
		{36AFC177-6E7A-462F-8AEA-6D774E175E65}.Debug|x86.Build.0 = Debug|Win32
		{36AFC177-6E7A-462F-8AEA-6D774E175E65}.Release|x64.ActiveCfg = Release|x64
		{36AFC177-6E7A-462F-8AEA-6D774E175E65}.Release|x64.Build.0 = Release|x64
		{36AFC177-6E7A-462F-8AEA-6D774E175E65}.Release|x86.ActiveCfg = Release|Win32
		{36AFC177-6E7A-462F-8AEA-6D774E175E65}.Release|x86.Build.0 = Release|Win32
		{25A2899D-E824-41FB-9673-F52D7C4945A1}.Debug|x64.ActiveCfg = Debug|x64
		{25A2899D-E824-41FB-9673-F52D7C4945A1}.Debug|x64.Build.0 = Debug|x64
		{25A2899D-E824-41FB-9673-F52D7C4945A1}.Debug|x86.ActiveCfg = Debug|Win32
		{25A2899D-E824-41FB-9673-F52D7C4945A1}.Debug|x86.Build.0 = Debug|Win32
		{25A2899D-E824-41FB-9673-F52D7C4945A1}.Release|x64.ActiveCfg = Release|x64
		{25A2899D-E824-41FB-9673-F52D7C4945A1}.Release|x64.Build.0 = Release|x64
		{25A2899D-E824-41FB-9673-F52D7C4945A1}.Release|x86.ActiveCfg = Release|Win32
		{25A2899D-E824-41FB-9673-F52D7C4945A1}.Release|x86.Build.0 = Release|Win32
		{D6051E20-7E25-4D39-95FD-EC0B55A737D8}.Debug|x64.ActiveCfg = Debug|x64
		{D6051E20-7E25-4D39-95FD-EC0B55A737D8}.Debug|x64.Build.0 = Debug|x64
		{D6051E20-7E25-4D39-95FD-EC0B55A737D8}.Debug|x86.ActiveCfg = Debug|Win32
		{D6051E20-7E25-4D39-95FD-EC0B55A737D8}.Debug|x86.Build.0 = Debug|Win32
		{D6051E20-7E25-4D39-95FD-EC0B55A737D8}.Release|x64.ActiveCfg = Release|x64
		{D6051E20-7E25-4D39-95FD-EC0B55A737D8}.Release|x64.Build.0 = Release|x64
		{D6051E20-7E25-4D39-95FD-EC0B55A737D8}.Release|x86.ActiveCfg = Release|Win32
		{D6051E20-7E25-4D39-95FD-EC0B55A737D8}.Release|x86.Build.0 = Release|Win32
		{E60BC50D-F12D-4007-A37E-5B3D059B7C32}.Debug|x64.ActiveCfg = Debug|x64
		{E60BC50D-F12D-4007-A37E-5B3D059B7C32}.Debug|x64.Build.0 = Debug|x64
		{E60BC50D-F12D-4007-A37E-5B3D059B7C32}.Debug|x86.ActiveCfg = Debug|Win32
		{E60BC50D-F12D-4007-A37E-5B3D059B7C32}.Debug|x86.Build.0 = Debug|Win32
		{E60BC50D-F12D-4007-A37E-5B3D059B7C32}.Release|x64.ActiveCfg = Release|x64
		{E60BC50D-F12D-4007-A37E-5B3D059B7C32}.Release|x64.Build.0 = Release|x64
		{E60BC50D-F12D-4007-A37E-5B3D059B7C32}.Release|x86.ActiveCfg = Release|Win32
		{E60BC50D-F12D-4007-A37E-5B3D059B7C32}.Release|x86.Build.0 = Release|Win32
		{8B33200C-B4BF-4345-944A-13B17F38FD2A}.Debug|x64.ActiveCfg = Debug|x64
		{8B33200C-B4BF-4345-944A-13B17F38FD2A}.Debug|x64.Build.0 = Debug|x64
		{8B33200C-B4BF-4345-944A-13B17F38FD2A}.Debug|x86.ActiveCfg = Debug|Win32
		{8B33200C-B4BF-4345-944A-13B17F38FD2A}.Debug|x86.Build.0 = Debug|Win32
		{8B33200C-B4BF-4345-944A-13B17F38FD2A}.Release|x64.ActiveCfg = Release|x64
		{8B33200C-B4BF-4345-944A-13B17F38FD2A}.Release|x64.Build.0 = Release|x64
		{8B33200C-B4BF-4345-944A-13B17F38FD2A}.Release|x86.ActiveCfg = Release|Win32
		{8B33200C-B4BF-4345-944A-13B17F38FD2A}.Release|x86.Build.0 = Release|Win32
	EndGlobalSection
	GlobalSection(SolutionProperties) = preSolution
		HideSolutionNode = FALSE
	EndGlobalSection
	GlobalSection(NestedProjects) = preSolution
		{7EB94D47-B96E-44C7-9DD6-AC78AD8E30D5} = {126DADA5-B017-4BA2-B741-9AE3681A611B}
		{36AFC177-6E7A-462F-8AEA-6D774E175E65} = {126DADA5-B017-4BA2-B741-9AE3681A611B}
		{25A2899D-E824-41FB-9673-F52D7C4945A1} = {126DADA5-B017-4BA2-B741-9AE3681A611B}
		{D6051E20-7E25-4D39-95FD-EC0B55A737D8} = {126DADA5-B017-4BA2-B741-9AE3681A611B}
		{8B33200C-B4BF-4345-944A-13B17F38FD2A} = {126DADA5-B017-4BA2-B741-9AE3681A611B}
	EndGlobalSection
	GlobalSection(ExtensibilityGlobals) = postSolution
		SolutionGuid = {44BADBEB-CFE3-4EFA-9579-9EEF9D834EBD}
	EndGlobalSection
EndGlobal
