<?xml version="1.0" encoding="utf-8"?>
<Project ToolsVersion="4.0" xmlns="http://schemas.microsoft.com/developer/msbuild/2003">
  <ItemGroup>
    <Filter Include="Sources">
      <UniqueIdentifier>{b078a8b1-f669-4cba-b11a-d5e9546799bb}</UniqueIdentifier>
    </Filter>
    <Filter Include="Sources\Public">
      <UniqueIdentifier>{93995380-89BD-4b04-88EB-625FBE52EBFB}</UniqueIdentifier>
      <Extensions>h;hh;hpp;hxx;h++;hm;inl;inc;ipp;xsd</Extensions>
    </Filter>
    <Filter Include="Sources\Private">
      <UniqueIdentifier>{4FC737F1-C7A5-4376-A066-2A32D752A2FF}</UniqueIdentifier>
      <Extensions>cpp;c;cc;cxx;c++;cppm;ixx;def;odl;idl;hpj;bat;asm;asmx</Extensions>
    </Filter>
  </ItemGroup>
  <ItemGroup>
    <ClInclude Include="include\Math\Vectors.h">
      <Filter>Sources\Public</Filter>
    </ClInclude>
    <ClInclude Include="include\Math\Complex.h">
      <Filter>Sources\Public</Filter>
    </ClInclude>
    <ClInclude Include="include\Math\Color.h">
      <Filter>Sources\Public</Filter>
    </ClInclude>
    <ClInclude Include="include\Math\Matrix.h">
      <Filter>Sources\Public</Filter>
    </ClInclude>
  </ItemGroup>
  <ItemGroup>
    <ClCompile Include="source\Vectors.cpp">
      <Filter>Sources\Private</Filter>
    </ClCompile>
    <ClCompile Include="source\Complex.cpp">
      <Filter>Sources\Private</Filter>
    </ClCompile>
    <ClCompile Include="source\Color.cpp">
      <Filter>Sources\Private</Filter>
    </ClCompile>
    <ClCompile Include="source\Matrix.cpp">
      <Filter>Sources\Private</Filter>
    </ClCompile>
  </ItemGroup>
</Project>